
Microsoft Visual Studio Solution File, Format Version 12.00
# Visual Studio Version 16
VisualStudioVersion = 16.0.29519.181
MinimumVisualStudioVersion = 10.0.40219.1
Project("{FAE04EC0-301F-11D3-BF4B-00C04F79EFBC}") = "HangfireDemoApi", "HangfireDemoApi\HangfireDemoApi.csproj", "{BF7038CF-C2DB-4A37-BF78-905894E96752}"
EndProject
Project("{FAE04EC0-301F-11D3-BF4B-00C04F79EFBC}") = "HangfireDemoDB", "HangfireDemoDB\HangfireDemoDB.csproj", "{65B822F5-018B-48CD-AC5A-BBB4389110EA}"
EndProject
Global
	GlobalSection(SolutionConfigurationPlatforms) = preSolution
		Debug|Any CPU = Debug|Any CPU
		Release|Any CPU = Release|Any CPU
	EndGlobalSection
	GlobalSection(ProjectConfigurationPlatforms) = postSolution
		{BF7038CF-C2DB-4A37-BF78-905894E96752}.Debug|Any CPU.ActiveCfg = Debug|Any CPU
		{BF7038CF-C2DB-4A37-BF78-905894E96752}.Debug|Any CPU.Build.0 = Debug|Any CPU
		{BF7038CF-C2DB-4A37-BF78-905894E96752}.Release|Any CPU.ActiveCfg = Release|Any CPU
		{BF7038CF-C2DB-4A37-BF78-905894E96752}.Release|Any CPU.Build.0 = Release|Any CPU
		{65B822F5-018B-48CD-AC5A-BBB4389110EA}.Debug|Any CPU.ActiveCfg = Debug|Any CPU
		{65B822F5-018B-48CD-AC5A-BBB4389110EA}.Debug|Any CPU.Build.0 = Debug|Any CPU
		{65B822F5-018B-48CD-AC5A-BBB4389110EA}.Release|Any CPU.ActiveCfg = Release|Any CPU
		{65B822F5-018B-48CD-AC5A-BBB4389110EA}.Release|Any CPU.Build.0 = Release|Any CPU
	EndGlobalSection
	GlobalSection(SolutionProperties) = preSolution
		HideSolutionNode = FALSE
	EndGlobalSection
	GlobalSection(ExtensibilityGlobals) = postSolution
		SolutionGuid = {F6AD24C2-4E16-4C3F-9043-8DF7D549A67D}
	EndGlobalSection
EndGlobal
